
Microsoft Visual Studio Solution File, Format Version 12.00
# Visual Studio Version 17
VisualStudioVersion = 17.8.34330.188
MinimumVisualStudioVersion = 10.0.40219.1
Project("{FAE04EC0-301F-11D3-BF4B-00C04F79EFBC}") = "QuickSort", "QuickSort\QuickSort.csproj", "{C23E7D76-B2BA-47F7-9EC8-AC5CFB08720D}"
EndProject
Project("{FAE04EC0-301F-11D3-BF4B-00C04F79EFBC}") = "TestSortowania", "TestSortowania\TestSortowania.csproj", "{F8405FCD-EB9A-4811-9477-E1FBF986C4A8}"
EndProject
Global
	GlobalSection(SolutionConfigurationPlatforms) = preSolution
		Debug|Any CPU = Debug|Any CPU
		Release|Any CPU = Release|Any CPU
	EndGlobalSection
	GlobalSection(ProjectConfigurationPlatforms) = postSolution
		{C23E7D76-B2BA-47F7-9EC8-AC5CFB08720D}.Debug|Any CPU.ActiveCfg = Debug|Any CPU
		{C23E7D76-B2BA-47F7-9EC8-AC5CFB08720D}.Debug|Any CPU.Build.0 = Debug|Any CPU
		{C23E7D76-B2BA-47F7-9EC8-AC5CFB08720D}.Release|Any CPU.ActiveCfg = Release|Any CPU
		{C23E7D76-B2BA-47F7-9EC8-AC5CFB08720D}.Release|Any CPU.Build.0 = Release|Any CPU
		{F8405FCD-EB9A-4811-9477-E1FBF986C4A8}.Debug|Any CPU.ActiveCfg = Debug|Any CPU
		{F8405FCD-EB9A-4811-9477-E1FBF986C4A8}.Debug|Any CPU.Build.0 = Debug|Any CPU
		{F8405FCD-EB9A-4811-9477-E1FBF986C4A8}.Release|Any CPU.ActiveCfg = Release|Any CPU
		{F8405FCD-EB9A-4811-9477-E1FBF986C4A8}.Release|Any CPU.Build.0 = Release|Any CPU
	EndGlobalSection
	GlobalSection(SolutionProperties) = preSolution
		HideSolutionNode = FALSE
	EndGlobalSection
	GlobalSection(ExtensibilityGlobals) = postSolution
		SolutionGuid = {27C5AD3A-87D0-45C0-A79E-E474D427F1F4}
	EndGlobalSection
EndGlobal
